PODS:
  - Alamofire (5.4.4)
  - IQKeyboardManagerSwift (6.5.6)
  - Kingfisher (7.1.1)
  - MBProgressHUD (1.2.0)
  - Moya/Core (15.0.0):
    - Alamofire (~> 5.0)
  - Moya/RxSwift (15.0.0):
    - Moya/Core
    - RxSwift (~> 6.0)
  - RxCocoa (6.2.0):
    - RxRelay (= 6.2.0)
    - RxSwift (= 6.2.0)
  - RxRelay (6.2.0):
    - RxSwift (= 6.2.0)
  - RxSwift (6.2.0)
  - SnapKit (5.0.1)
  - SwiftyBeaver (1.9.5)
  - Toast-Swift (5.0.1)

DEPENDENCIES:
  - IQKeyboardManagerSwift
  - Kingfisher (~> 7.0)
  - MBProgressHUD
  - Moya/RxSwift (~> 15.0)
  - RxCocoa (~> 6.0)
  - RxSwift (~> 6.0)
  - SnapKit (~> 5.0.0)
  - SwiftyBeaver
  - Toast-Swift (~> 5.0.1)

SPEC REPOS:
  trunk:
    - Alamofire
    - IQKeyboardManagerSwift
    - Kingfisher
    - MBProgressHUD
    - Moya
    - RxCocoa
    - RxRelay
    - RxSwift
    - SnapKit
    - SwiftyBeaver
    - Toast-Swift

SPEC CHECKSUMS:
  Alamofire: f3b09a368f1582ab751b3fff5460276e0d2cf5c9
  IQKeyboardManagerSwift: c7df9d2deb356c04522f5c4b7b6e4ce4d8ed94fe
  Kingfisher: f738f9c4a3415823b8e2985d10aa2d6a9f37bc4d
  MBProgressHUD: 3ee5efcc380f6a79a7cc9b363dd669c5e1ae7406
  Moya: 138f0573e53411fb3dc17016add0b748dfbd78ee
  RxCocoa: 4baf94bb35f2c0ab31bc0cb9f1900155f646ba42
  RxRelay: e72dbfd157807478401ef1982e1c61c945c94b2f
  RxSwift: d356ab7bee873611322f134c5f9ef379fa183d8f
  SnapKit: 97b92857e3df3a0c71833cce143274bf6ef8e5eb
  SwiftyBeaver: 84069991dd5dca07d7069100985badaca7f0ce82
  Toast-Swift: 9b6a70f28b3bf0b96c40d46c0c4b9d6639846711

PODFILE CHECKSUM: 6d1771afa5564c1b02816c734c51fc893719ca08

COCOAPODS: 1.11.3
